// !$*UTF8*$!
{
	archiveVersion = 1;
	classes = {
	};
	objectVersion = 51;
	objects = {

/* Begin PBXBuildFile section */
		5B1206B12400474100D37A9D /* SignUpViewController.swift in Sources */ = {isa = PBXBuildFile; fileRef = 5B1206B02400474100D37A9D /* SignUpViewController.swift */; };
		5B1206B324004A5E00D37A9D /* OneLineTextField.swift in Sources */ = {isa = PBXBuildFile; fileRef = 5B1206B224004A5E00D37A9D /* OneLineTextField.swift */; };
		5B1206B52400555B00D37A9D /* LoginViewController.swift in Sources */ = {isa = PBXBuildFile; fileRef = 5B1206B42400555B00D37A9D /* LoginViewController.swift */; };
		5B2F7800240D7856007F03FD /* StorageService.swift in Sources */ = {isa = PBXBuildFile; fileRef = 5B2F77FF240D7856007F03FD /* StorageService.swift */; };
		5B5696792405709C0053FD65 /* Bundle+Extension.swift in Sources */ = {isa = PBXBuildFile; fileRef = 5B5696782405709C0053FD65 /* Bundle+Extension.swift */; };
		5B56967C24058CB10053FD65 /* ActiveChatCell.swift in Sources */ = {isa = PBXBuildFile; fileRef = 5B56967B24058CB10053FD65 /* ActiveChatCell.swift */; };
		5B56967E2405965A0053FD65 /* GradientView.swift in Sources */ = {isa = PBXBuildFile; fileRef = 5B56967D2405965A0053FD65 /* GradientView.swift */; };
		5B56968224059CE00053FD65 /* WaitingChatCell.swift in Sources */ = {isa = PBXBuildFile; fileRef = 5B56968124059CE00053FD65 /* WaitingChatCell.swift */; };
		5B56968424059EF60053FD65 /* SelfConfiguringCell.swift in Sources */ = {isa = PBXBuildFile; fileRef = 5B56968324059EF60053FD65 /* SelfConfiguringCell.swift */; };
		5B5696872406B4870053FD65 /* SectionHeader.swift in Sources */ = {isa = PBXBuildFile; fileRef = 5B5696862406B4870053FD65 /* SectionHeader.swift */; };
		5B5696892406BAD70053FD65 /* users.json in Resources */ = {isa = PBXBuildFile; fileRef = 5B5696882406BAD60053FD65 /* users.json */; };
		5B56968C2406BBAF0053FD65 /* MUser.swift in Sources */ = {isa = PBXBuildFile; fileRef = 5B56968B2406BBAF0053FD65 /* MUser.swift */; };
		5B56968E2406BBC00053FD65 /* MChat.swift in Sources */ = {isa = PBXBuildFile; fileRef = 5B56968D2406BBC00053FD65 /* MChat.swift */; };
		5B5696912406C4DE0053FD65 /* UserCell.swift in Sources */ = {isa = PBXBuildFile; fileRef = 5B5696902406C4DE0053FD65 /* UserCell.swift */; };
		5B5696932406C6D60053FD65 /* UIViewController+Extension.swift in Sources */ = {isa = PBXBuildFile; fileRef = 5B5696922406C6D60053FD65 /* UIViewController+Extension.swift */; };
		5B5696952406ECEA0053FD65 /* ProfileViewController.swift in Sources */ = {isa = PBXBuildFile; fileRef = 5B5696942406ECEA0053FD65 /* ProfileViewController.swift */; };
		5B5696972407F5000053FD65 /* InsertableTextField.swift in Sources */ = {isa = PBXBuildFile; fileRef = 5B5696962407F5000053FD65 /* InsertableTextField.swift */; };
		5B5696992407F7F40053FD65 /* UIView+Extension.swift in Sources */ = {isa = PBXBuildFile; fileRef = 5B5696982407F7F40053FD65 /* UIView+Extension.swift */; };
		5B56969B2407FDDC0053FD65 /* ChatRequestViewController.swift in Sources */ = {isa = PBXBuildFile; fileRef = 5B56969A2407FDDC0053FD65 /* ChatRequestViewController.swift */; };
		5B5696A224080AC90053FD65 /* GoogleService-Info.plist in Resources */ = {isa = PBXBuildFile; fileRef = 5B5696A124080AC90053FD65 /* GoogleService-Info.plist */; };
		5B5696A524095B160053FD65 /* AuthService.swift in Sources */ = {isa = PBXBuildFile; fileRef = 5B5696A424095B160053FD65 /* AuthService.swift */; };
		5B5696A7240963A80053FD65 /* Validators.swift in Sources */ = {isa = PBXBuildFile; fileRef = 5B5696A6240963A80053FD65 /* Validators.swift */; };
		5B5696A92409654A0053FD65 /* AuthError.swift in Sources */ = {isa = PBXBuildFile; fileRef = 5B5696A82409654A0053FD65 /* AuthError.swift */; };
		5B82563C23FDA17600A4B219 /* AppDelegate.swift in Sources */ = {isa = PBXBuildFile; fileRef = 5B82563B23FDA17600A4B219 /* AppDelegate.swift */; };
		5B82563E23FDA17600A4B219 /* SceneDelegate.swift in Sources */ = {isa = PBXBuildFile; fileRef = 5B82563D23FDA17600A4B219 /* SceneDelegate.swift */; };
		5B82564023FDA17600A4B219 /* AuthViewController.swift in Sources */ = {isa = PBXBuildFile; fileRef = 5B82563F23FDA17600A4B219 /* AuthViewController.swift */; };
		5B82564523FDA17C00A4B219 /* Assets.xcassets in Resources */ = {isa = PBXBuildFile; fileRef = 5B82564423FDA17C00A4B219 /* Assets.xcassets */; };
		5B82565023FDA7C200A4B219 /* UIButton+Extension.swift in Sources */ = {isa = PBXBuildFile; fileRef = 5B82564F23FDA7C200A4B219 /* UIButton+Extension.swift */; };
		5B82565223FDA9FD00A4B219 /* UIFont+Extension.swift in Sources */ = {isa = PBXBuildFile; fileRef = 5B82565123FDA9FD00A4B219 /* UIFont+Extension.swift */; };
		5B82565423FDAAE900A4B219 /* UIColor+Extension.swift in Sources */ = {isa = PBXBuildFile; fileRef = 5B82565323FDAAE900A4B219 /* UIColor+Extension.swift */; };
		5B82565623FDACD200A4B219 /* UILabel+Extension.swift in Sources */ = {isa = PBXBuildFile; fileRef = 5B82565523FDACD200A4B219 /* UILabel+Extension.swift */; };
		5B82565823FDADAC00A4B219 /* UIImageView+Extension.swift in Sources */ = {isa = PBXBuildFile; fileRef = 5B82565723FDADAC00A4B219 /* UIImageView+Extension.swift */; };
		5B979D3124098A9D008BADB3 /* AuthNavigatingDelegate.swift in Sources */ = {isa = PBXBuildFile; fileRef = 5B979D3024098A9D008BADB3 /* AuthNavigatingDelegate.swift */; };
		5B979D33240A9ADD008BADB3 /* FirestoreService.swift in Sources */ = {isa = PBXBuildFile; fileRef = 5B979D32240A9ADD008BADB3 /* FirestoreService.swift */; };
		5B979D35240A9DFF008BADB3 /* UserError.swift in Sources */ = {isa = PBXBuildFile; fileRef = 5B979D34240A9DFF008BADB3 /* UserError.swift */; };
		5B979D4F240D5FCC008BADB3 /* UIApplication+Extension.swift in Sources */ = {isa = PBXBuildFile; fileRef = 5B979D4E240D5FCC008BADB3 /* UIApplication+Extension.swift */; };
		5BB00DAE23FDB2CC0043EC28 /* ButtonFormView.swift in Sources */ = {isa = PBXBuildFile; fileRef = 5BB00DAD23FDB2CC0043EC28 /* ButtonFormView.swift */; };
		5BB00DB023FDB76D0043EC28 /* UIStackView+Extension.swift in Sources */ = {isa = PBXBuildFile; fileRef = 5BB00DAF23FDB76D0043EC28 /* UIStackView+Extension.swift */; };
		5BECC95C24042B6300089FC0 /* SetupProfileViewController.swift in Sources */ = {isa = PBXBuildFile; fileRef = 5BECC95B24042B6300089FC0 /* SetupProfileViewController.swift */; };
		5BECC95E24042CF900089FC0 /* AddPhotoView.swift in Sources */ = {isa = PBXBuildFile; fileRef = 5BECC95D24042CF900089FC0 /* AddPhotoView.swift */; };
		5BECC9602404338200089FC0 /* UISegmentedControl+Extension.swift in Sources */ = {isa = PBXBuildFile; fileRef = 5BECC95F2404338200089FC0 /* UISegmentedControl+Extension.swift */; };
		5BECC96224043B8A00089FC0 /* ListViewController.swift in Sources */ = {isa = PBXBuildFile; fileRef = 5BECC96124043B8A00089FC0 /* ListViewController.swift */; };
		5BECC96524043E0900089FC0 /* MainTabBarController.swift in Sources */ = {isa = PBXBuildFile; fileRef = 5BECC96424043E0900089FC0 /* MainTabBarController.swift */; };
		5BECC96724043E4400089FC0 /* PeopleViewController.swift in Sources */ = {isa = PBXBuildFile; fileRef = 5BECC96624043E4400089FC0 /* PeopleViewController.swift */; };
		5BECC96A2405701200089FC0 /* waitingChats.json in Resources */ = {isa = PBXBuildFile; fileRef = 5BECC9682405701200089FC0 /* waitingChats.json */; };
		5BECC96B2405701200089FC0 /* activeChats.json in Resources */ = {isa = PBXBuildFile; fileRef = 5BECC9692405701200089FC0 /* activeChats.json */; };
		6671366EB65975AF9A24DA79 /* Pods_iChat.framework in Frameworks */ = {isa = PBXBuildFile; fileRef = 5A79703091381AA69F845FE8 /* Pods_iChat.framework */; };
/* End PBXBuildFile section */

/* Begin PBXFileReference section */
		5A79703091381AA69F845FE8 /* Pods_iChat.framework */ = {isa = PBXFileReference; explicitFileType = wrapper.framework; includeInIndex = 0; path = Pods_iChat.framework; sourceTree = BUILT_PRODUCTS_DIR; };
		5B1206B02400474100D37A9D /* SignUpViewController.swift */ = {isa = PBXFileReference; lastKnownFileType = sourcecode.swift; path = SignUpViewController.swift; sourceTree = "<group>"; };
		5B1206B224004A5E00D37A9D /* OneLineTextField.swift */ = {isa = PBXFileReference; lastKnownFileType = sourcecode.swift; path = OneLineTextField.swift; sourceTree = "<group>"; };
		5B1206B42400555B00D37A9D /* LoginViewController.swift */ = {isa = PBXFileReference; lastKnownFileType = sourcecode.swift; path = LoginViewController.swift; sourceTree = "<group>"; };
		5B2F77FF240D7856007F03FD /* StorageService.swift */ = {isa = PBXFileReference; lastKnownFileType = sourcecode.swift; path = StorageService.swift; sourceTree = "<group>"; };
		5B5696782405709C0053FD65 /* Bundle+Extension.swift */ = {isa = PBXFileReference; lastKnownFileType = sourcecode.swift; path = "Bundle+Extension.swift"; sourceTree = "<group>"; };
		5B56967B24058CB10053FD65 /* ActiveChatCell.swift */ = {isa = PBXFileReference; lastKnownFileType = sourcecode.swift; path = ActiveChatCell.swift; sourceTree = "<group>"; };
		5B56967D2405965A0053FD65 /* GradientView.swift */ = {isa = PBXFileReference; lastKnownFileType = sourcecode.swift; path = GradientView.swift; sourceTree = "<group>"; };
		5B56968124059CE00053FD65 /* WaitingChatCell.swift */ = {isa = PBXFileReference; lastKnownFileType = sourcecode.swift; path = WaitingChatCell.swift; sourceTree = "<group>"; };
		5B56968324059EF60053FD65 /* SelfConfiguringCell.swift */ = {isa = PBXFileReference; lastKnownFileType = sourcecode.swift; path = SelfConfiguringCell.swift; sourceTree = "<group>"; };
		5B5696862406B4870053FD65 /* SectionHeader.swift */ = {isa = PBXFileReference; lastKnownFileType = sourcecode.swift; path = SectionHeader.swift; sourceTree = "<group>"; };
		5B5696882406BAD60053FD65 /* users.json */ = {isa = PBXFileReference; fileEncoding = 4; lastKnownFileType = text.json; path = users.json; sourceTree = "<group>"; };
		5B56968B2406BBAF0053FD65 /* MUser.swift */ = {isa = PBXFileReference; lastKnownFileType = sourcecode.swift; path = MUser.swift; sourceTree = "<group>"; };
		5B56968D2406BBC00053FD65 /* MChat.swift */ = {isa = PBXFileReference; lastKnownFileType = sourcecode.swift; path = MChat.swift; sourceTree = "<group>"; };
		5B5696902406C4DE0053FD65 /* UserCell.swift */ = {isa = PBXFileReference; lastKnownFileType = sourcecode.swift; path = UserCell.swift; sourceTree = "<group>"; };
		5B5696922406C6D60053FD65 /* UIViewController+Extension.swift */ = {isa = PBXFileReference; lastKnownFileType = sourcecode.swift; path = "UIViewController+Extension.swift"; sourceTree = "<group>"; };
		5B5696942406ECEA0053FD65 /* ProfileViewController.swift */ = {isa = PBXFileReference; lastKnownFileType = sourcecode.swift; path = ProfileViewController.swift; sourceTree = "<group>"; };
		5B5696962407F5000053FD65 /* InsertableTextField.swift */ = {isa = PBXFileReference; lastKnownFileType = sourcecode.swift; path = InsertableTextField.swift; sourceTree = "<group>"; };
		5B5696982407F7F40053FD65 /* UIView+Extension.swift */ = {isa = PBXFileReference; lastKnownFileType = sourcecode.swift; path = "UIView+Extension.swift"; sourceTree = "<group>"; };
		5B56969A2407FDDC0053FD65 /* ChatRequestViewController.swift */ = {isa = PBXFileReference; lastKnownFileType = sourcecode.swift; path = ChatRequestViewController.swift; sourceTree = "<group>"; };
		5B5696A124080AC90053FD65 /* GoogleService-Info.plist */ = {isa = PBXFileReference; fileEncoding = 4; lastKnownFileType = text.plist.xml; path = "GoogleService-Info.plist"; sourceTree = "<group>"; };
		5B5696A424095B160053FD65 /* AuthService.swift */ = {isa = PBXFileReference; lastKnownFileType = sourcecode.swift; path = AuthService.swift; sourceTree = "<group>"; };
		5B5696A6240963A80053FD65 /* Validators.swift */ = {isa = PBXFileReference; lastKnownFileType = sourcecode.swift; path = Validators.swift; sourceTree = "<group>"; };
		5B5696A82409654A0053FD65 /* AuthError.swift */ = {isa = PBXFileReference; lastKnownFileType = sourcecode.swift; path = AuthError.swift; sourceTree = "<group>"; };
		5B82563823FDA17600A4B219 /* iChat.app */ = {isa = PBXFileReference; explicitFileType = wrapper.application; includeInIndex = 0; path = iChat.app; sourceTree = BUILT_PRODUCTS_DIR; };
		5B82563B23FDA17600A4B219 /* AppDelegate.swift */ = {isa = PBXFileReference; lastKnownFileType = sourcecode.swift; path = AppDelegate.swift; sourceTree = "<group>"; };
		5B82563D23FDA17600A4B219 /* SceneDelegate.swift */ = {isa = PBXFileReference; lastKnownFileType = sourcecode.swift; path = SceneDelegate.swift; sourceTree = "<group>"; };
		5B82563F23FDA17600A4B219 /* AuthViewController.swift */ = {isa = PBXFileReference; lastKnownFileType = sourcecode.swift; path = AuthViewController.swift; sourceTree = "<group>"; };
		5B82564423FDA17C00A4B219 /* Assets.xcassets */ = {isa = PBXFileReference; lastKnownFileType = folder.assetcatalog; path = Assets.xcassets; sourceTree = "<group>"; };
		5B82564923FDA17C00A4B219 /* Info.plist */ = {isa = PBXFileReference; lastKnownFileType = text.plist.xml; path = Info.plist; sourceTree = "<group>"; };
		5B82564F23FDA7C200A4B219 /* UIButton+Extension.swift */ = {isa = PBXFileReference; lastKnownFileType = sourcecode.swift; path = "UIButton+Extension.swift"; sourceTree = "<group>"; };
		5B82565123FDA9FD00A4B219 /* UIFont+Extension.swift */ = {isa = PBXFileReference; lastKnownFileType = sourcecode.swift; path = "UIFont+Extension.swift"; sourceTree = "<group>"; };
		5B82565323FDAAE900A4B219 /* UIColor+Extension.swift */ = {isa = PBXFileReference; lastKnownFileType = sourcecode.swift; path = "UIColor+Extension.swift"; sourceTree = "<group>"; };
		5B82565523FDACD200A4B219 /* UILabel+Extension.swift */ = {isa = PBXFileReference; lastKnownFileType = sourcecode.swift; path = "UILabel+Extension.swift"; sourceTree = "<group>"; };
		5B82565723FDADAC00A4B219 /* UIImageView+Extension.swift */ = {isa = PBXFileReference; lastKnownFileType = sourcecode.swift; path = "UIImageView+Extension.swift"; sourceTree = "<group>"; };
		5B979D3024098A9D008BADB3 /* AuthNavigatingDelegate.swift */ = {isa = PBXFileReference; lastKnownFileType = sourcecode.swift; path = AuthNavigatingDelegate.swift; sourceTree = "<group>"; };
		5B979D32240A9ADD008BADB3 /* FirestoreService.swift */ = {isa = PBXFileReference; lastKnownFileType = sourcecode.swift; path = FirestoreService.swift; sourceTree = "<group>"; };
		5B979D34240A9DFF008BADB3 /* UserError.swift */ = {isa = PBXFileReference; lastKnownFileType = sourcecode.swift; path = UserError.swift; sourceTree = "<group>"; };
		5B979D4E240D5FCC008BADB3 /* UIApplication+Extension.swift */ = {isa = PBXFileReference; lastKnownFileType = sourcecode.swift; path = "UIApplication+Extension.swift"; sourceTree = "<group>"; };
		5BB00DAD23FDB2CC0043EC28 /* ButtonFormView.swift */ = {isa = PBXFileReference; lastKnownFileType = sourcecode.swift; path = ButtonFormView.swift; sourceTree = "<group>"; };
		5BB00DAF23FDB76D0043EC28 /* UIStackView+Extension.swift */ = {isa = PBXFileReference; lastKnownFileType = sourcecode.swift; path = "UIStackView+Extension.swift"; sourceTree = "<group>"; };
		5BECC95B24042B6300089FC0 /* SetupProfileViewController.swift */ = {isa = PBXFileReference; lastKnownFileType = sourcecode.swift; path = SetupProfileViewController.swift; sourceTree = "<group>"; };
		5BECC95D24042CF900089FC0 /* AddPhotoView.swift */ = {isa = PBXFileReference; lastKnownFileType = sourcecode.swift; path = AddPhotoView.swift; sourceTree = "<group>"; };
		5BECC95F2404338200089FC0 /* UISegmentedControl+Extension.swift */ = {isa = PBXFileReference; lastKnownFileType = sourcecode.swift; path = "UISegmentedControl+Extension.swift"; sourceTree = "<group>"; };
		5BECC96124043B8A00089FC0 /* ListViewController.swift */ = {isa = PBXFileReference; lastKnownFileType = sourcecode.swift; path = ListViewController.swift; sourceTree = "<group>"; };
		5BECC96424043E0900089FC0 /* MainTabBarController.swift */ = {isa = PBXFileReference; lastKnownFileType = sourcecode.swift; path = MainTabBarController.swift; sourceTree = "<group>"; };
		5BECC96624043E4400089FC0 /* PeopleViewController.swift */ = {isa = PBXFileReference; lastKnownFileType = sourcecode.swift; path = PeopleViewController.swift; sourceTree = "<group>"; };
		5BECC9682405701200089FC0 /* waitingChats.json */ = {isa = PBXFileReference; fileEncoding = 4; lastKnownFileType = text.json; path = waitingChats.json; sourceTree = "<group>"; };
		5BECC9692405701200089FC0 /* activeChats.json */ = {isa = PBXFileReference; fileEncoding = 4; lastKnownFileType = text.json; path = activeChats.json; sourceTree = "<group>"; };
		7B57EBD96606E04DF5B7C1D4 /* Pods-iChat.debug.xcconfig */ = {isa = PBXFileReference; includeInIndex = 1; lastKnownFileType = text.xcconfig; name = "Pods-iChat.debug.xcconfig"; path = "Target Support Files/Pods-iChat/Pods-iChat.debug.xcconfig"; sourceTree = "<group>"; };
		BB8C4624C6174EF0A55DF662 /* Pods-iChat.release.xcconfig */ = {isa = PBXFileReference; includeInIndex = 1; lastKnownFileType = text.xcconfig; name = "Pods-iChat.release.xcconfig"; path = "Target Support Files/Pods-iChat/Pods-iChat.release.xcconfig"; sourceTree = "<group>"; };
/* End PBXFileReference section */

/* Begin PBXFrameworksBuildPhase section */
		5B82563523FDA17600A4B219 /* Frameworks */ = {
			isa = PBXFrameworksBuildPhase;
			buildActionMask = 2147483647;
			files = (
				6671366EB65975AF9A24DA79 /* Pods_iChat.framework in Frameworks */,
			);
			runOnlyForDeploymentPostprocessing = 0;
		};
/* End PBXFrameworksBuildPhase section */

/* Begin PBXGroup section */
		5B56967A24058C9D0053FD65 /* Cells */ = {
			isa = PBXGroup;
			children = (
				5B56967B24058CB10053FD65 /* ActiveChatCell.swift */,
				5B5696902406C4DE0053FD65 /* UserCell.swift */,
				5B56968124059CE00053FD65 /* WaitingChatCell.swift */,
			);
			path = Cells;
			sourceTree = "<group>";
		};
		5B56968524059F010053FD65 /* Protocols */ = {
			isa = PBXGroup;
			children = (
				5B56968324059EF60053FD65 /* SelfConfiguringCell.swift */,
				5B979D3024098A9D008BADB3 /* AuthNavigatingDelegate.swift */,
			);
			path = Protocols;
			sourceTree = "<group>";
		};
		5B56968A2406BB1D0053FD65 /* Header */ = {
			isa = PBXGroup;
			children = (
				5B5696862406B4870053FD65 /* SectionHeader.swift */,
			);
			path = Header;
			sourceTree = "<group>";
		};
		5B56968F2406BBFA0053FD65 /* Models */ = {
			isa = PBXGroup;
			children = (
				5B56968D2406BBC00053FD65 /* MChat.swift */,
				5B56968B2406BBAF0053FD65 /* MUser.swift */,
			);
			path = Models;
			sourceTree = "<group>";
		};
		5B56969C240803250053FD65 /* Resources */ = {
			isa = PBXGroup;
			children = (
				5B82564423FDA17C00A4B219 /* Assets.xcassets */,
				5B5696A0240804820053FD65 /* JSONs */,
			);
			path = Resources;
			sourceTree = "<group>";
		};
		5B56969D240803440053FD65 /* App */ = {
			isa = PBXGroup;
			children = (
				5B82563B23FDA17600A4B219 /* AppDelegate.swift */,
				5B5696A124080AC90053FD65 /* GoogleService-Info.plist */,
				5B82564923FDA17C00A4B219 /* Info.plist */,
				5B82563D23FDA17600A4B219 /* SceneDelegate.swift */,
			);
			path = App;
			sourceTree = "<group>";
		};
		5B56969E240803620053FD65 /* Views */ = {
			isa = PBXGroup;
			children = (
				5BECC95D24042CF900089FC0 /* AddPhotoView.swift */,
				5BB00DAD23FDB2CC0043EC28 /* ButtonFormView.swift */,
				5B56967D2405965A0053FD65 /* GradientView.swift */,
				5B5696962407F5000053FD65 /* InsertableTextField.swift */,
				5B1206B224004A5E00D37A9D /* OneLineTextField.swift */,
				5B56967A24058C9D0053FD65 /* Cells */,
				5B56968A2406BB1D0053FD65 /* Header */,
			);
			path = Views;
			sourceTree = "<group>";
		};
		5B56969F240804050053FD65 /* Auth&SignUp */ = {
			isa = PBXGroup;
			children = (
				5B82563F23FDA17600A4B219 /* AuthViewController.swift */,
				5B1206B42400555B00D37A9D /* LoginViewController.swift */,
				5BECC95B24042B6300089FC0 /* SetupProfileViewController.swift */,
				5B1206B02400474100D37A9D /* SignUpViewController.swift */,
			);
			path = "Auth&SignUp";
			sourceTree = "<group>";
		};
		5B5696A0240804820053FD65 /* JSONs */ = {
			isa = PBXGroup;
			children = (
				5BECC9692405701200089FC0 /* activeChats.json */,
				5B5696882406BAD60053FD65 /* users.json */,
				5BECC9682405701200089FC0 /* waitingChats.json */,
			);
			path = JSONs;
			sourceTree = "<group>";
		};
		5B5696A324095AF50053FD65 /* Services */ = {
			isa = PBXGroup;
			children = (
				5B5696A424095B160053FD65 /* AuthService.swift */,
				5B979D32240A9ADD008BADB3 /* FirestoreService.swift */,
				5B2F77FF240D7856007F03FD /* StorageService.swift */,
			);
			path = Services;
			sourceTree = "<group>";
		};
		5B5696AA2409688C0053FD65 /* Helpers */ = {
			isa = PBXGroup;
			children = (
				5B5696A82409654A0053FD65 /* AuthError.swift */,
				5B5696A6240963A80053FD65 /* Validators.swift */,
				5B979D34240A9DFF008BADB3 /* UserError.swift */,
			);
			path = Helpers;
			sourceTree = "<group>";
		};
		5B82562F23FDA17600A4B219 = {
			isa = PBXGroup;
			children = (
				5B82563A23FDA17600A4B219 /* iChat */,
				5B82563923FDA17600A4B219 /* Products */,
				B4E664221AEE13255EFC44B9 /* Pods */,
				86332737FC897961B67CF940 /* Frameworks */,
			);
			sourceTree = "<group>";
		};
		5B82563923FDA17600A4B219 /* Products */ = {
			isa = PBXGroup;
			children = (
				5B82563823FDA17600A4B219 /* iChat.app */,
			);
			name = Products;
			sourceTree = "<group>";
		};
		5B82563A23FDA17600A4B219 /* iChat */ = {
			isa = PBXGroup;
			children = (
				5B56969D240803440053FD65 /* App */,
				5BECC96324043DCA00089FC0 /* Controllers */,
				5B82565A23FDB06B00A4B219 /* Extensions */,
				5B5696AA2409688C0053FD65 /* Helpers */,
				5B56968F2406BBFA0053FD65 /* Models */,
				5B56968524059F010053FD65 /* Protocols */,
				5B56969C240803250053FD65 /* Resources */,
				5B5696A324095AF50053FD65 /* Services */,
				5B56969E240803620053FD65 /* Views */,
			);
			path = iChat;
			sourceTree = "<group>";
		};
		5B82565923FDB06100A4B219 /* UIKit */ = {
			isa = PBXGroup;
			children = (
				5B979D4E240D5FCC008BADB3 /* UIApplication+Extension.swift */,
				5B82564F23FDA7C200A4B219 /* UIButton+Extension.swift */,
				5B82565323FDAAE900A4B219 /* UIColor+Extension.swift */,
				5B82565123FDA9FD00A4B219 /* UIFont+Extension.swift */,
				5B82565723FDADAC00A4B219 /* UIImageView+Extension.swift */,
				5B82565523FDACD200A4B219 /* UILabel+Extension.swift */,
				5BECC95F2404338200089FC0 /* UISegmentedControl+Extension.swift */,
				5BB00DAF23FDB76D0043EC28 /* UIStackView+Extension.swift */,
				5B5696982407F7F40053FD65 /* UIView+Extension.swift */,
				5B5696922406C6D60053FD65 /* UIViewController+Extension.swift */,
			);
			path = UIKit;
			sourceTree = "<group>";
		};
		5B82565A23FDB06B00A4B219 /* Extensions */ = {
			isa = PBXGroup;
			children = (
				5B5696782405709C0053FD65 /* Bundle+Extension.swift */,
				5B82565923FDB06100A4B219 /* UIKit */,
			);
			path = Extensions;
			sourceTree = "<group>";
		};
		5BECC96324043DCA00089FC0 /* Controllers */ = {
			isa = PBXGroup;
			children = (
				5B56969F240804050053FD65 /* Auth&SignUp */,
				5B56969A2407FDDC0053FD65 /* ChatRequestViewController.swift */,
				5BECC96124043B8A00089FC0 /* ListViewController.swift */,
				5BECC96424043E0900089FC0 /* MainTabBarController.swift */,
				5BECC96624043E4400089FC0 /* PeopleViewController.swift */,
				5B5696942406ECEA0053FD65 /* ProfileViewController.swift */,
			);
			path = Controllers;
			sourceTree = "<group>";
		};
		86332737FC897961B67CF940 /* Frameworks */ = {
			isa = PBXGroup;
			children = (
				5A79703091381AA69F845FE8 /* Pods_iChat.framework */,
			);
			name = Frameworks;
			sourceTree = "<group>";
		};
		B4E664221AEE13255EFC44B9 /* Pods */ = {
			isa = PBXGroup;
			children = (
				7B57EBD96606E04DF5B7C1D4 /* Pods-iChat.debug.xcconfig */,
				BB8C4624C6174EF0A55DF662 /* Pods-iChat.release.xcconfig */,
			);
			path = Pods;
			sourceTree = "<group>";
		};
/* End PBXGroup section */

/* Begin PBXNativeTarget section */
		5B82563723FDA17600A4B219 /* iChat */ = {
			isa = PBXNativeTarget;
			buildConfigurationList = 5B82564C23FDA17C00A4B219 /* Build configuration list for PBXNativeTarget "iChat" */;
			buildPhases = (
				463D6B61B59D6CC92D3940C1 /* [CP] Check Pods Manifest.lock */,
				5B82563423FDA17600A4B219 /* Sources */,
				5B82563523FDA17600A4B219 /* Frameworks */,
				5B82563623FDA17600A4B219 /* Resources */,
				0AB6605D8B1AFDCF79992645 /* [CP] Embed Pods Frameworks */,
				EBBDE0CE0677E4280B3D0FB8 /* [CP] Copy Pods Resources */,
			);
			buildRules = (
			);
			dependencies = (
			);
			name = iChat;
			productName = iChat;
			productReference = 5B82563823FDA17600A4B219 /* iChat.app */;
			productType = "com.apple.product-type.application";
		};
/* End PBXNativeTarget section */

/* Begin PBXProject section */
		5B82563023FDA17600A4B219 /* Project object */ = {
			isa = PBXProject;
			attributes = {
				LastSwiftUpdateCheck = 1120;
				LastUpgradeCheck = 1120;
				ORGANIZATIONNAME = "Georgii Kashin";
				TargetAttributes = {
					5B82563723FDA17600A4B219 = {
						CreatedOnToolsVersion = 11.2.1;
					};
				};
			};
			buildConfigurationList = 5B82563323FDA17600A4B219 /* Build configuration list for PBXProject "iChat" */;
			compatibilityVersion = "Xcode 9.3";
			developmentRegion = en;
			hasScannedForEncodings = 0;
			knownRegions = (
				en,
				Base,
			);
			mainGroup = 5B82562F23FDA17600A4B219;
			productRefGroup = 5B82563923FDA17600A4B219 /* Products */;
			projectDirPath = "";
			projectRoot = "";
			targets = (
				5B82563723FDA17600A4B219 /* iChat */,
			);
		};
/* End PBXProject section */

/* Begin PBXResourcesBuildPhase section */
		5B82563623FDA17600A4B219 /* Resources */ = {
			isa = PBXResourcesBuildPhase;
			buildActionMask = 2147483647;
			files = (
				5B5696892406BAD70053FD65 /* users.json in Resources */,
				5BECC96A2405701200089FC0 /* waitingChats.json in Resources */,
				5B5696A224080AC90053FD65 /* GoogleService-Info.plist in Resources */,
				5B82564523FDA17C00A4B219 /* Assets.xcassets in Resources */,
				5BECC96B2405701200089FC0 /* activeChats.json in Resources */,
			);
			runOnlyForDeploymentPostprocessing = 0;
		};
/* End PBXResourcesBuildPhase section */

/* Begin PBXShellScriptBuildPhase section */
		0AB6605D8B1AFDCF79992645 /* [CP] Embed Pods Frameworks */ = {
			isa = PBXShellScriptBuildPhase;
			buildActionMask = 2147483647;
			files = (
			);
			inputFileListPaths = (
				"${PODS_ROOT}/Target Support Files/Pods-iChat/Pods-iChat-frameworks-${CONFIGURATION}-input-files.xcfilelist",
			);
			name = "[CP] Embed Pods Frameworks";
			outputFileListPaths = (
				"${PODS_ROOT}/Target Support Files/Pods-iChat/Pods-iChat-frameworks-${CONFIGURATION}-output-files.xcfilelist",
			);
			runOnlyForDeploymentPostprocessing = 0;
			shellPath = /bin/sh;
			shellScript = "\"${PODS_ROOT}/Target Support Files/Pods-iChat/Pods-iChat-frameworks.sh\"\n";
			showEnvVarsInLog = 0;
		};
		463D6B61B59D6CC92D3940C1 /* [CP] Check Pods Manifest.lock */ = {
			isa = PBXShellScriptBuildPhase;
			buildActionMask = 2147483647;
			files = (
			);
			inputFileListPaths = (
			);
			inputPaths = (
				"${PODS_PODFILE_DIR_PATH}/Podfile.lock",
				"${PODS_ROOT}/Manifest.lock",
			);
			name = "[CP] Check Pods Manifest.lock";
			outputFileListPaths = (
			);
			outputPaths = (
				"$(DERIVED_FILE_DIR)/Pods-iChat-checkManifestLockResult.txt",
			);
			runOnlyForDeploymentPostprocessing = 0;
			shellPath = /bin/sh;
			shellScript = "diff \"${PODS_PODFILE_DIR_PATH}/Podfile.lock\" \"${PODS_ROOT}/Manifest.lock\" > /dev/null\nif [ $? != 0 ] ; then\n    # print error to STDERR\n    echo \"error: The sandbox is not in sync with the Podfile.lock. Run 'pod install' or update your CocoaPods installation.\" >&2\n    exit 1\nfi\n# This output is used by Xcode 'outputs' to avoid re-running this script phase.\necho \"SUCCESS\" > \"${SCRIPT_OUTPUT_FILE_0}\"\n";
			showEnvVarsInLog = 0;
		};
		EBBDE0CE0677E4280B3D0FB8 /* [CP] Copy Pods Resources */ = {
			isa = PBXShellScriptBuildPhase;
			buildActionMask = 2147483647;
			files = (
			);
			inputFileListPaths = (
				"${PODS_ROOT}/Target Support Files/Pods-iChat/Pods-iChat-resources-${CONFIGURATION}-input-files.xcfilelist",
			);
			name = "[CP] Copy Pods Resources";
			outputFileListPaths = (
				"${PODS_ROOT}/Target Support Files/Pods-iChat/Pods-iChat-resources-${CONFIGURATION}-output-files.xcfilelist",
			);
			runOnlyForDeploymentPostprocessing = 0;
			shellPath = /bin/sh;
			shellScript = "\"${PODS_ROOT}/Target Support Files/Pods-iChat/Pods-iChat-resources.sh\"\n";
			showEnvVarsInLog = 0;
		};
/* End PBXShellScriptBuildPhase section */

/* Begin PBXSourcesBuildPhase section */
		5B82563423FDA17600A4B219 /* Sources */ = {
			isa = PBXSourcesBuildPhase;
			buildActionMask = 2147483647;
			files = (
				5B56968E2406BBC00053FD65 /* MChat.swift in Sources */,
				5B56967E2405965A0053FD65 /* GradientView.swift in Sources */,
				5BECC96224043B8A00089FC0 /* ListViewController.swift in Sources */,
				5B5696872406B4870053FD65 /* SectionHeader.swift in Sources */,
				5B5696932406C6D60053FD65 /* UIViewController+Extension.swift in Sources */,
				5BECC9602404338200089FC0 /* UISegmentedControl+Extension.swift in Sources */,
				5B5696A92409654A0053FD65 /* AuthError.swift in Sources */,
				5BECC96524043E0900089FC0 /* MainTabBarController.swift in Sources */,
				5B1206B324004A5E00D37A9D /* OneLineTextField.swift in Sources */,
				5B5696A7240963A80053FD65 /* Validators.swift in Sources */,
				5B56968C2406BBAF0053FD65 /* MUser.swift in Sources */,
				5B56967C24058CB10053FD65 /* ActiveChatCell.swift in Sources */,
				5B5696972407F5000053FD65 /* InsertableTextField.swift in Sources */,
				5B1206B12400474100D37A9D /* SignUpViewController.swift in Sources */,
				5BECC96724043E4400089FC0 /* PeopleViewController.swift in Sources */,
				5B979D33240A9ADD008BADB3 /* FirestoreService.swift in Sources */,
				5B5696952406ECEA0053FD65 /* ProfileViewController.swift in Sources */,
				5B82564023FDA17600A4B219 /* AuthViewController.swift in Sources */,
				5B979D4F240D5FCC008BADB3 /* UIApplication+Extension.swift in Sources */,
				5B56969B2407FDDC0053FD65 /* ChatRequestViewController.swift in Sources */,
				5B82565023FDA7C200A4B219 /* UIButton+Extension.swift in Sources */,
				5BECC95C24042B6300089FC0 /* SetupProfileViewController.swift in Sources */,
				5B82565823FDADAC00A4B219 /* UIImageView+Extension.swift in Sources */,
				5B5696992407F7F40053FD65 /* UIView+Extension.swift in Sources */,
				5B979D35240A9DFF008BADB3 /* UserError.swift in Sources */,
				5BB00DAE23FDB2CC0043EC28 /* ButtonFormView.swift in Sources */,
				5B5696792405709C0053FD65 /* Bundle+Extension.swift in Sources */,
				5BECC95E24042CF900089FC0 /* AddPhotoView.swift in Sources */,
				5B2F7800240D7856007F03FD /* StorageService.swift in Sources */,
				5B82563C23FDA17600A4B219 /* AppDelegate.swift in Sources */,
				5B56968424059EF60053FD65 /* SelfConfiguringCell.swift in Sources */,
				5B979D3124098A9D008BADB3 /* AuthNavigatingDelegate.swift in Sources */,
				5B5696912406C4DE0053FD65 /* UserCell.swift in Sources */,
				5B82565623FDACD200A4B219 /* UILabel+Extension.swift in Sources */,
				5B56968224059CE00053FD65 /* WaitingChatCell.swift in Sources */,
				5B82565423FDAAE900A4B219 /* UIColor+Extension.swift in Sources */,
				5B82565223FDA9FD00A4B219 /* UIFont+Extension.swift in Sources */,
				5B82563E23FDA17600A4B219 /* SceneDelegate.swift in Sources */,
				5B5696A524095B160053FD65 /* AuthService.swift in Sources */,
				5B1206B52400555B00D37A9D /* LoginViewController.swift in Sources */,
				5BB00DB023FDB76D0043EC28 /* UIStackView+Extension.swift in Sources */,
			);
			runOnlyForDeploymentPostprocessing = 0;
		};
/* End PBXSourcesBuildPhase section */

/* Begin XCBuildConfiguration section */
		5B82564A23FDA17C00A4B219 /* Debug */ = {
			isa = XCBuildConfiguration;
			buildSettings = {
				ALWAYS_SEARCH_USER_PATHS = NO;
				CLANG_ANALYZER_NONNULL = YES;
				CLANG_ANALYZER_NUMBER_OBJECT_CONVERSION = YES_AGGRESSIVE;
				CLANG_CXX_LANGUAGE_STANDARD = "gnu++14";
				CLANG_CXX_LIBRARY = "libc++";
				CLANG_ENABLE_MODULES = YES;
				CLANG_ENABLE_OBJC_ARC = YES;
				CLANG_ENABLE_OBJC_WEAK = YES;
				CLANG_WARN_BLOCK_CAPTURE_AUTORELEASING = YES;
				CLANG_WARN_BOOL_CONVERSION = YES;
				CLANG_WARN_COMMA = YES;
				CLANG_WARN_CONSTANT_CONVERSION = YES;
				CLANG_WARN_DEPRECATED_OBJC_IMPLEMENTATIONS = YES;
				CLANG_WARN_DIRECT_OBJC_ISA_USAGE = YES_ERROR;
				CLANG_WARN_DOCUMENTATION_COMMENTS = YES;
				CLANG_WARN_EMPTY_BODY = YES;
				CLANG_WARN_ENUM_CONVERSION = YES;
				CLANG_WARN_INFINITE_RECURSION = YES;
				CLANG_WARN_INT_CONVERSION = YES;
				CLANG_WARN_NON_LITERAL_NULL_CONVERSION = YES;
				CLANG_WARN_OBJC_IMPLICIT_RETAIN_SELF = YES;
				CLANG_WARN_OBJC_LITERAL_CONVERSION = YES;
				CLANG_WARN_OBJC_ROOT_CLASS = YES_ERROR;
				CLANG_WARN_RANGE_LOOP_ANALYSIS = YES;
				CLANG_WARN_STRICT_PROTOTYPES = YES;
				CLANG_WARN_SUSPICIOUS_MOVE = YES;
				CLANG_WARN_UNGUARDED_AVAILABILITY = YES_AGGRESSIVE;
				CLANG_WARN_UNREACHABLE_CODE = YES;
				CLANG_WARN__DUPLICATE_METHOD_MATCH = YES;
				COPY_PHASE_STRIP = NO;
				DEBUG_INFORMATION_FORMAT = dwarf;
				ENABLE_STRICT_OBJC_MSGSEND = YES;
				ENABLE_TESTABILITY = YES;
				GCC_C_LANGUAGE_STANDARD = gnu11;
				GCC_DYNAMIC_NO_PIC = NO;
				GCC_NO_COMMON_BLOCKS = YES;
				GCC_OPTIMIZATION_LEVEL = 0;
				GCC_PREPROCESSOR_DEFINITIONS = (
					"DEBUG=1",
					"$(inherited)",
				);
				GCC_WARN_64_TO_32_BIT_CONVERSION = YES;
				GCC_WARN_ABOUT_RETURN_TYPE = YES_ERROR;
				GCC_WARN_UNDECLARED_SELECTOR = YES;
				GCC_WARN_UNINITIALIZED_AUTOS = YES_AGGRESSIVE;
				GCC_WARN_UNUSED_FUNCTION = YES;
				GCC_WARN_UNUSED_VARIABLE = YES;
				IPHONEOS_DEPLOYMENT_TARGET = 13.2;
				MTL_ENABLE_DEBUG_INFO = INCLUDE_SOURCE;
				MTL_FAST_MATH = YES;
				ONLY_ACTIVE_ARCH = YES;
				SDKROOT = iphoneos;
				SWIFT_ACTIVE_COMPILATION_CONDITIONS = DEBUG;
				SWIFT_OPTIMIZATION_LEVEL = "-Onone";
			};
			name = Debug;
		};
		5B82564B23FDA17C00A4B219 /* Release */ = {
			isa = XCBuildConfiguration;
			buildSettings = {
				ALWAYS_SEARCH_USER_PATHS = NO;
				CLANG_ANALYZER_NONNULL = YES;
				CLANG_ANALYZER_NUMBER_OBJECT_CONVERSION = YES_AGGRESSIVE;
				CLANG_CXX_LANGUAGE_STANDARD = "gnu++14";
				CLANG_CXX_LIBRARY = "libc++";
				CLANG_ENABLE_MODULES = YES;
				CLANG_ENABLE_OBJC_ARC = YES;
				CLANG_ENABLE_OBJC_WEAK = YES;
				CLANG_WARN_BLOCK_CAPTURE_AUTORELEASING = YES;
				CLANG_WARN_BOOL_CONVERSION = YES;
				CLANG_WARN_COMMA = YES;
				CLANG_WARN_CONSTANT_CONVERSION = YES;
				CLANG_WARN_DEPRECATED_OBJC_IMPLEMENTATIONS = YES;
				CLANG_WARN_DIRECT_OBJC_ISA_USAGE = YES_ERROR;
				CLANG_WARN_DOCUMENTATION_COMMENTS = YES;
				CLANG_WARN_EMPTY_BODY = YES;
				CLANG_WARN_ENUM_CONVERSION = YES;
				CLANG_WARN_INFINITE_RECURSION = YES;
				CLANG_WARN_INT_CONVERSION = YES;
				CLANG_WARN_NON_LITERAL_NULL_CONVERSION = YES;
				CLANG_WARN_OBJC_IMPLICIT_RETAIN_SELF = YES;
				CLANG_WARN_OBJC_LITERAL_CONVERSION = YES;
				CLANG_WARN_OBJC_ROOT_CLASS = YES_ERROR;
				CLANG_WARN_RANGE_LOOP_ANALYSIS = YES;
				CLANG_WARN_STRICT_PROTOTYPES = YES;
				CLANG_WARN_SUSPICIOUS_MOVE = YES;
				CLANG_WARN_UNGUARDED_AVAILABILITY = YES_AGGRESSIVE;
				CLANG_WARN_UNREACHABLE_CODE = YES;
				CLANG_WARN__DUPLICATE_METHOD_MATCH = YES;
				COPY_PHASE_STRIP = NO;
				DEBUG_INFORMATION_FORMAT = "dwarf-with-dsym";
				ENABLE_NS_ASSERTIONS = NO;
				ENABLE_STRICT_OBJC_MSGSEND = YES;
				GCC_C_LANGUAGE_STANDARD = gnu11;
				GCC_NO_COMMON_BLOCKS = YES;
				GCC_WARN_64_TO_32_BIT_CONVERSION = YES;
				GCC_WARN_ABOUT_RETURN_TYPE = YES_ERROR;
				GCC_WARN_UNDECLARED_SELECTOR = YES;
				GCC_WARN_UNINITIALIZED_AUTOS = YES_AGGRESSIVE;
				GCC_WARN_UNUSED_FUNCTION = YES;
				GCC_WARN_UNUSED_VARIABLE = YES;
				IPHONEOS_DEPLOYMENT_TARGET = 13.2;
				MTL_ENABLE_DEBUG_INFO = NO;
				MTL_FAST_MATH = YES;
				SDKROOT = iphoneos;
				SWIFT_COMPILATION_MODE = wholemodule;
				SWIFT_OPTIMIZATION_LEVEL = "-O";
				VALIDATE_PRODUCT = YES;
			};
			name = Release;
		};
		5B82564D23FDA17C00A4B219 /* Debug */ = {
			isa = XCBuildConfiguration;
			baseConfigurationReference = 7B57EBD96606E04DF5B7C1D4 /* Pods-iChat.debug.xcconfig */;
			buildSettings = {
				ASSETCATALOG_COMPILER_APPICON_NAME = AppIcon;
				CODE_SIGN_STYLE = Automatic;
				DEVELOPMENT_TEAM = 73A856J95H;
				INFOPLIST_FILE = "$(SRCROOT)/iChat/App/Info.plist";
				LD_RUNPATH_SEARCH_PATHS = (
					"$(inherited)",
					"@executable_path/Frameworks",
				);
				PRODUCT_BUNDLE_IDENTIFIER = com.gkashin.iChat;
				PRODUCT_NAME = "$(TARGET_NAME)";
				SWIFT_VERSION = 5.0;
				TARGETED_DEVICE_FAMILY = 1;
			};
			name = Debug;
		};
		5B82564E23FDA17C00A4B219 /* Release */ = {
			isa = XCBuildConfiguration;
			baseConfigurationReference = BB8C4624C6174EF0A55DF662 /* Pods-iChat.release.xcconfig */;
			buildSettings = {
				ASSETCATALOG_COMPILER_APPICON_NAME = AppIcon;
				CODE_SIGN_STYLE = Automatic;
				DEVELOPMENT_TEAM = 73A856J95H;
				INFOPLIST_FILE = "$(SRCROOT)/iChat/App/Info.plist";
				LD_RUNPATH_SEARCH_PATHS = (
					"$(inherited)",
					"@executable_path/Frameworks",
				);
				PRODUCT_BUNDLE_IDENTIFIER = com.gkashin.iChat;
				PRODUCT_NAME = "$(TARGET_NAME)";
				SWIFT_VERSION = 5.0;
				TARGETED_DEVICE_FAMILY = 1;
			};
			name = Release;
		};
/* End XCBuildConfiguration section */

/* Begin XCConfigurationList section */
		5B82563323FDA17600A4B219 /* Build configuration list for PBXProject "iChat" */ = {
			isa = XCConfigurationList;
			buildConfigurations = (
				5B82564A23FDA17C00A4B219 /* Debug */,
				5B82564B23FDA17C00A4B219 /* Release */,
			);
			defaultConfigurationIsVisible = 0;
			defaultConfigurationName = Release;
		};
		5B82564C23FDA17C00A4B219 /* Build configuration list for PBXNativeTarget "iChat" */ = {
			isa = XCConfigurationList;
			buildConfigurations = (
				5B82564D23FDA17C00A4B219 /* Debug */,
				5B82564E23FDA17C00A4B219 /* Release */,
			);
			defaultConfigurationIsVisible = 0;
			defaultConfigurationName = Release;
		};
/* End XCConfigurationList section */
	};
	rootObject = 5B82563023FDA17600A4B219 /* Project object */;
}
